<?xml version="1.0" encoding="utf-8"?>
<Project ToolsVersion="4.0" xmlns="http://schemas.microsoft.com/developer/msbuild/2003">
  <ItemGroup>
    <Filter Include="Source Files">
      <UniqueIdentifier>{4FC737F1-C7A5-4376-A066-2A32D752A2FF}</UniqueIdentifier>
      <Extensions>cpp;c;cc;cxx;c++;cppm;ixx;def;odl;idl;hpj;bat;asm;asmx</Extensions>
    </Filter>
    <Filter Include="Header Files">
      <UniqueIdentifier>{93995380-89BD-4b04-88EB-625FBE52EBFB}</UniqueIdentifier>
      <Extensions>h;hh;hpp;hxx;h++;hm;inl;inc;ipp;xsd</Extensions>
    </Filter>
    <Filter Include="Resource Files">
      <UniqueIdentifier>{67DA6AB6-F800-4c08-8B7A-83BB121AAD01}</UniqueIdentifier>
      <Extensions>rc;ico;cur;bmp;dlg;rc2;rct;bin;rgs;gif;jpg;jpeg;jpe;resx;tiff;tif;png;wav;mfcribbon-ms</Extensions>
    </Filter>
    <Filter Include="Test Cases">
      <UniqueIdentifier>{da61afbb-5bf7-4735-b99d-2b9136ca43cd}</UniqueIdentifier>
    </Filter>
  </ItemGroup>
  <ItemGroup>
    <ClCompile Include="SchedulerTest00.c">
      <Filter>Test Cases</Filter>
    </ClCompile>
    <ClCompile Include="SchedulerTest01.c">
      <Filter>Test Cases</Filter>
    </ClCompile>
    <ClCompile Include="SchedulerTest02.c">
      <Filter>Test Cases</Filter>
    </ClCompile>
    <ClCompile Include="SchedulerTest03.c">
      <Filter>Test Cases</Filter>
    </ClCompile>
    <ClCompile Include="SchedulerTest04.c">
      <Filter>Test Cases</Filter>
    </ClCompile>
    <ClCompile Include="SchedulerTest05.c">
      <Filter>Test Cases</Filter>
    </ClCompile>
    <ClCompile Include="SchedulerTest06.c">
      <Filter>Test Cases</Filter>
    </ClCompile>
    <ClCompile Include="SchedulerTest07.c">
      <Filter>Test Cases</Filter>
    </ClCompile>
    <ClCompile Include="SchedulerTest08.c">
      <Filter>Test Cases</Filter>
    </ClCompile>
    <ClCompile Include="SchedulerTest09.c">
      <Filter>Test Cases</Filter>
    </ClCompile>
    <ClCompile Include="SchedulerTest10.c">
      <Filter>Test Cases</Filter>
    </ClCompile>
    <ClCompile Include="SchedulerTest11.c">
      <Filter>Test Cases</Filter>
    </ClCompile>
    <ClCompile Include="SchedulerTest12.c">
      <Filter>Test Cases</Filter>
    </ClCompile>
    <ClCompile Include="SchedulerTest13.c">
      <Filter>Test Cases</Filter>
    </ClCompile>
    <ClCompile Include="SchedulerTest14.c">
      <Filter>Test Cases</Filter>
    </ClCompile>
    <ClCompile Include="SchedulerCoreTests.c">
      <Filter>Source Files</Filter>
    </ClCompile>
    <ClCompile Include="SchedulerTestCommon.c">
      <Filter>Source Files</Filter>
    </ClCompile>
    <ClCompile Include="SchedulerTesting.c">
      <Filter>Source Files</Filter>
    </ClCompile>
    <ClCompile Include="pch.c">
      <Filter>Source Files</Filter>
    </ClCompile>
  </ItemGroup>
  <ItemGroup>
    <ClInclude Include="pch.h">
      <Filter>Header Files</Filter>
    </ClInclude>
    <ClInclude Include="SchedulerTests.h">
      <Filter>Header Files</Filter>
    </ClInclude>
  </ItemGroup>
</Project>